
Microsoft Visual Studio Solution File, Format Version 12.00
# Visual Studio Version 17
VisualStudioVersion = 17.5.002.0
MinimumVisualStudioVersion = 10.0.40219.1
Project("{2150E333-8FDC-42A3-9474-1A3956D46DE8}") = "src", "src", "{D8BE4229-04F2-4D6E-AAD8-B52B0876C89F}"
EndProject
Project("{9A19103F-16F7-4668-BE54-9A1E7A4F7556}") = "TestSwap", "src\TestSwap\TestSwap.csproj", "{2F1F9882-2266-4673-83EA-DD55078C374F}"
EndProject
Global
	GlobalSection(SolutionConfigurationPlatforms) = preSolution
		Debug|Any CPU = Debug|Any CPU
		Release|Any CPU = Release|Any CPU
	EndGlobalSection
	GlobalSection(ProjectConfigurationPlatforms) = postSolution
		{2F1F9882-2266-4673-83EA-DD55078C374F}.Debug|Any CPU.ActiveCfg = Debug|Any CPU
		{2F1F9882-2266-4673-83EA-DD55078C374F}.Debug|Any CPU.Build.0 = Debug|Any CPU
		{2F1F9882-2266-4673-83EA-DD55078C374F}.Release|Any CPU.ActiveCfg = Release|Any CPU
		{2F1F9882-2266-4673-83EA-DD55078C374F}.Release|Any CPU.Build.0 = Release|Any CPU
	EndGlobalSection
	GlobalSection(SolutionProperties) = preSolution
		HideSolutionNode = FALSE
	EndGlobalSection
	GlobalSection(NestedProjects) = preSolution
		{2F1F9882-2266-4673-83EA-DD55078C374F} = {D8BE4229-04F2-4D6E-AAD8-B52B0876C89F}
	EndGlobalSection
	GlobalSection(ExtensibilityGlobals) = postSolution
		SolutionGuid = {B81C6AEA-6893-4CAF-84A2-962F980240F6}
	EndGlobalSection
EndGlobal
